
Microsoft Visual Studio Solution File, Format Version 12.00
# Visual Studio Version 17
VisualStudioVersion = 17.3.32804.467
MinimumVisualStudioVersion = 10.0.40219.1
Project("{8BC9CEB8-8B4A-11D0-8D11-00A0C91BC942}") = "screenRelayer", "screenRelayer\screenRelayer.vcxproj", "{46B7FBCD-2025-4EB0-9023-528031FADD4B}"
EndProject
Global
	GlobalSection(SolutionConfigurationPlatforms) = preSolution
		Debug|x64 = Debug|x64
		Release|x64 = Release|x64
	EndGlobalSection
	GlobalSection(ProjectConfigurationPlatforms) = postSolution
		{46B7FBCD-2025-4EB0-9023-528031FADD4B}.Debug|x64.ActiveCfg = Debug|x64
		{46B7FBCD-2025-4EB0-9023-528031FADD4B}.Debug|x64.Build.0 = Debug|x64
		{46B7FBCD-2025-4EB0-9023-528031FADD4B}.Release|x64.ActiveCfg = Release|x64
		{46B7FBCD-2025-4EB0-9023-528031FADD4B}.Release|x64.Build.0 = Release|x64
	EndGlobalSection
	GlobalSection(SolutionProperties) = preSolution
		HideSolutionNode = FALSE
	EndGlobalSection
	GlobalSection(ExtensibilityGlobals) = postSolution
		SolutionGuid = {5E65F108-A271-4EA6-A5AB-D57D9B63A84D}
	EndGlobalSection
EndGlobal
